
Microsoft Visual Studio Solution File, Format Version 12.00
Project("{FAE04EC0-301F-11D3-BF4B-00C04F79EFBC}") = "ProjectB", "ProjectB\ProjectB.csproj", "{DDE5FB79-395C-4D8E-AF2C-38375D6AF770}"
EndProject
Global
	GlobalSection(SolutionConfigurationPlatforms) = preSolution
		Debug|Any CPU = Debug|Any CPU
		Release|Any CPU = Release|Any CPU
	EndGlobalSection
	GlobalSection(ProjectConfigurationPlatforms) = postSolution
		{DDE5FB79-395C-4D8E-AF2C-38375D6AF770}.Debug|Any CPU.ActiveCfg = Debug|Any CPU
		{DDE5FB79-395C-4D8E-AF2C-38375D6AF770}.Debug|Any CPU.Build.0 = Debug|Any CPU
		{DDE5FB79-395C-4D8E-AF2C-38375D6AF770}.Release|Any CPU.ActiveCfg = Release|Any CPU
		{DDE5FB79-395C-4D8E-AF2C-38375D6AF770}.Release|Any CPU.Build.0 = Release|Any CPU
	EndGlobalSection
EndGlobal
